
Microsoft Visual Studio Solution File, Format Version 12.00
# Visual Studio 2012
Project("{FAE04EC0-301F-11D3-BF4B-00C04F79EFBC}") = "CreatePDFSample", "Silverlight\CreatePDFSample\CreatePDFSample\CreatePDFSample.csproj", "{695E0D7D-DB59-441B-B127-364ACB2A05A1}"
EndProject
Project("{FAE04EC0-301F-11D3-BF4B-00C04F79EFBC}") = "CreatePDFSample.Web", "Silverlight\CreatePDFSample\CreatePDFSample.Web\CreatePDFSample.Web.csproj", "{F4C41F00-CFA1-49F8-B8D9-D55967382AE1}"
EndProject
Global
	GlobalSection(SolutionConfigurationPlatforms) = preSolution
		Debug|Any CPU = Debug|Any CPU
		Release|Any CPU = Release|Any CPU
	EndGlobalSection
	GlobalSection(ProjectConfigurationPlatforms) = postSolution
		{695E0D7D-DB59-441B-B127-364ACB2A05A1}.Debug|Any CPU.ActiveCfg = Debug|Any CPU
		{695E0D7D-DB59-441B-B127-364ACB2A05A1}.Debug|Any CPU.Build.0 = Debug|Any CPU
		{695E0D7D-DB59-441B-B127-364ACB2A05A1}.Release|Any CPU.ActiveCfg = Release|Any CPU
		{695E0D7D-DB59-441B-B127-364ACB2A05A1}.Release|Any CPU.Build.0 = Release|Any CPU
		{F4C41F00-CFA1-49F8-B8D9-D55967382AE1}.Debug|Any CPU.ActiveCfg = Debug|Any CPU
		{F4C41F00-CFA1-49F8-B8D9-D55967382AE1}.Debug|Any CPU.Build.0 = Debug|Any CPU
		{F4C41F00-CFA1-49F8-B8D9-D55967382AE1}.Release|Any CPU.ActiveCfg = Release|Any CPU
		{F4C41F00-CFA1-49F8-B8D9-D55967382AE1}.Release|Any CPU.Build.0 = Release|Any CPU
	EndGlobalSection
	GlobalSection(SolutionProperties) = preSolution
		HideSolutionNode = FALSE
	EndGlobalSection
EndGlobal
