
Microsoft Visual Studio Solution File, Format Version 12.00
# Visual Studio 2012
Project("{FAE04EC0-301F-11D3-BF4B-00C04F79EFBC}") = "CreateQuestionnaireFormSample", "CreateQuestionnaireFormSample.csproj", "{CF058B7D-29D7-4AD5-881A-A2B9756872E9}"
EndProject
Global
	GlobalSection(SolutionConfigurationPlatforms) = preSolution
		Debug|iPhoneSimulator = Debug|iPhoneSimulator
		Release|iPhoneSimulator = Release|iPhoneSimulator
		Debug|iPhone = Debug|iPhone
		Release|iPhone = Release|iPhone
		Ad-Hoc|iPhone = Ad-Hoc|iPhone
		AppStore|iPhone = AppStore|iPhone
	EndGlobalSection
	GlobalSection(ProjectConfigurationPlatforms) = postSolution
		{CF058B7D-29D7-4AD5-881A-A2B9756872E9}.Ad-Hoc|iPhone.ActiveCfg = Ad-Hoc|iPhone
		{CF058B7D-29D7-4AD5-881A-A2B9756872E9}.Ad-Hoc|iPhone.Build.0 = Ad-Hoc|iPhone
		{CF058B7D-29D7-4AD5-881A-A2B9756872E9}.AppStore|iPhone.ActiveCfg = AppStore|iPhone
		{CF058B7D-29D7-4AD5-881A-A2B9756872E9}.AppStore|iPhone.Build.0 = AppStore|iPhone
		{CF058B7D-29D7-4AD5-881A-A2B9756872E9}.Debug|iPhone.ActiveCfg = Debug|iPhone
		{CF058B7D-29D7-4AD5-881A-A2B9756872E9}.Debug|iPhone.Build.0 = Debug|iPhone
		{CF058B7D-29D7-4AD5-881A-A2B9756872E9}.Debug|iPhoneSimulator.ActiveCfg = Debug|iPhoneSimulator
		{CF058B7D-29D7-4AD5-881A-A2B9756872E9}.Debug|iPhoneSimulator.Build.0 = Debug|iPhoneSimulator
		{CF058B7D-29D7-4AD5-881A-A2B9756872E9}.Release|iPhone.ActiveCfg = Release|iPhone
		{CF058B7D-29D7-4AD5-881A-A2B9756872E9}.Release|iPhone.Build.0 = Release|iPhone
		{CF058B7D-29D7-4AD5-881A-A2B9756872E9}.Release|iPhoneSimulator.ActiveCfg = Release|iPhoneSimulator
		{CF058B7D-29D7-4AD5-881A-A2B9756872E9}.Release|iPhoneSimulator.Build.0 = Release|iPhoneSimulator
	EndGlobalSection
EndGlobal
