
Microsoft Visual Studio Solution File, Format Version 12.00
# Visual Studio 2012
Project("{FAE04EC0-301F-11D3-BF4B-00C04F79EFBC}") = "IosSampleProject", "IosSampleProject.csproj", "{A20DA017-0016-417E-821B-AB689C1998AF}"
EndProject
Global
	GlobalSection(SolutionConfigurationPlatforms) = preSolution
		Debug|Any CPU = Debug|Any CPU
		Debug|iPhoneSimulator = Debug|iPhoneSimulator
		Release|Any CPU = Release|Any CPU
		Release|iPhoneSimulator = Release|iPhoneSimulator
	EndGlobalSection
	GlobalSection(ProjectConfigurationPlatforms) = postSolution
		{A20DA017-0016-417E-821B-AB689C1998AF}.Debug|Any CPU.ActiveCfg = Debug|iPhone
		{A20DA017-0016-417E-821B-AB689C1998AF}.Debug|iPhoneSimulator.ActiveCfg = Debug|iPhoneSimulator
		{A20DA017-0016-417E-821B-AB689C1998AF}.Debug|iPhoneSimulator.Build.0 = Debug|iPhoneSimulator
		{A20DA017-0016-417E-821B-AB689C1998AF}.Release|Any CPU.ActiveCfg = Release|iPhone
		{A20DA017-0016-417E-821B-AB689C1998AF}.Release|iPhoneSimulator.ActiveCfg = Release|iPhoneSimulator
		{A20DA017-0016-417E-821B-AB689C1998AF}.Release|iPhoneSimulator.Build.0 = Release|iPhoneSimulator
	EndGlobalSection
	GlobalSection(SolutionProperties) = preSolution
		HideSolutionNode = FALSE
	EndGlobalSection
	GlobalSection(MonoDevelopProperties) = preSolution
		StartupItem = IosSampleProject.csproj
	EndGlobalSection
EndGlobal
